
Microsoft Visual Studio Solution File, Format Version 12.00
# Visual Studio 15
VisualStudioVersion = 15.0.28307.645
MinimumVisualStudioVersion = 10.0.40219.1
Project("{8BC9CEB8-8B4A-11D0-8D11-00A0C91BC942}") = "FMI.Database.Storage", "FMI.Database.Storage\FMI.Database.Storage.vcxproj", "{52884F82-348D-4A82-B0AE-A98843015091}"
EndProject
Global
	GlobalSection(SolutionConfigurationPlatforms) = preSolution
		Debug|x64 = Debug|x64
		Debug|x86 = Debug|x86
		Release|x64 = Release|x64
		Release|x86 = Release|x86
	EndGlobalSection
	GlobalSection(ProjectConfigurationPlatforms) = postSolution
		{52884F82-348D-4A82-B0AE-A98843015091}.Debug|x64.ActiveCfg = Debug|x64
		{52884F82-348D-4A82-B0AE-A98843015091}.Debug|x64.Build.0 = Debug|x64
		{52884F82-348D-4A82-B0AE-A98843015091}.Debug|x86.ActiveCfg = Debug|Win32
		{52884F82-348D-4A82-B0AE-A98843015091}.Debug|x86.Build.0 = Debug|Win32
		{52884F82-348D-4A82-B0AE-A98843015091}.Release|x64.ActiveCfg = Release|x64
		{52884F82-348D-4A82-B0AE-A98843015091}.Release|x64.Build.0 = Release|x64
		{52884F82-348D-4A82-B0AE-A98843015091}.Release|x86.ActiveCfg = Release|Win32
		{52884F82-348D-4A82-B0AE-A98843015091}.Release|x86.Build.0 = Release|Win32
	EndGlobalSection
	GlobalSection(SolutionProperties) = preSolution
		HideSolutionNode = FALSE
	EndGlobalSection
	GlobalSection(ExtensibilityGlobals) = postSolution
		SolutionGuid = {A8B28D50-F733-4D65-8B3C-67569F8CEC36}
	EndGlobalSection
EndGlobal
